{
  "name": "perf",
  "version": "1.0.0",
  "lockfileVersion": 2,
  "requires": true,
  "packages": {
    "": {
      "name": "perf",
      "version": "1.0.0",
      "license": "ISC",
      "dependencies": {
        "artillery-plugin-statsd": "^2.2.1"
      }
    },
    "node_modules/artillery-plugin-statsd": {
      "version": "2.2.1",
      "resolved": "https://registry.npmjs.org/artillery-plugin-statsd/-/artillery-plugin-statsd-2.2.1.tgz",
      "integrity": "sha512-Zn6hxi11p1Rpazopm8bZkIqhIA5laTE3/amEhLsE933o8bgvrAJBblpsZ45vhmURztsglqC9yxSCQyW27yUZmQ==",
      "dependencies": {
        "debug": "^3.1.0",
        "lodash": "^4.17.11",
        "lynx": "^0.2.0"
      }
    },
    "node_modules/artillery-plugin-statsd/node_modules/debug": {
      "version": "3.2.7",
      "resolved": "https://registry.npmjs.org/debug/-/debug-3.2.7.tgz",
      "integrity": "sha512-CFjzYYAi4ThfiQvizrFQevTTXHtnCqWfe7x1AhgEscTz6ZbLbfoLRLPugTQyBth6f8ZERVUSyWHFD/7Wu4t1XQ==",
      "dependencies": {
        "ms": "^2.1.1"
      }
    },
    "node_modules/lodash": {
      "version": "4.17.21",
      "resolved": "https://registry.npmjs.org/lodash/-/lodash-4.17.21.tgz",
      "integrity": "sha512-v2kDEe57lecTulaDIuNTPy3Ry4gLGJ6Z1O3vE1krgXZNrsQ+LFTGHVxVjcXPs17LhbZVGedAJv8XZ1tvj5FvSg=="
    },
    "node_modules/lynx": {
      "version": "0.2.0",
      "resolved": "https://registry.npmjs.org/lynx/-/lynx-0.2.0.tgz",
      "integrity": "sha512-OxDuWSeLA4k52EzufVnYuROsJbzaenfGP7MBmLcgcl7WwlJkwJ/W/iBwiZNEnz8on5/VD6JNWBm5T2IOimQ6bw==",
      "dependencies": {
        "mersenne": "~0.0.3",
        "statsd-parser": "~0.0.4"
      }
    },
    "node_modules/mersenne": {
      "version": "0.0.4",
      "resolved": "https://registry.npmjs.org/mersenne/-/mersenne-0.0.4.tgz",
      "integrity": "sha512-XoSUL+nF8hMTKGQxUs8r3Btdsf1yuKKBdCCGbh3YXgCXuVKishpZv1CNc385w9s8t4Ynwc5h61BwW/FCVulkbg=="
    },
    "node_modules/ms": {
      "version": "2.1.2",
      "resolved": "https://registry.npmjs.org/ms/-/ms-2.1.2.tgz",
      "integrity": "sha512-sGkPx+VjMtmA6MX27oA4FBFELFCZZ4S4XqeGOXCv68tT+jb3vk/RyaKWP0PTKyWtmLSM0b+adUTEvbs1PEaH2w=="
    },
    "node_modules/statsd-parser": {
      "version": "0.0.4",
      "resolved": "https://registry.npmjs.org/statsd-parser/-/statsd-parser-0.0.4.tgz",
      "integrity": "sha512-7XO+ur89EalMXXFQaydsczB8sclr5nDsNIoUu0IzJx1pIbHUhO3LtpSzBwetIuU9DyTLMiVaJBMtWS/Nb2KR4g=="
    }
  },
  "dependencies": {
    "artillery-plugin-statsd": {
      "version": "2.2.1",
      "resolved": "https://registry.npmjs.org/artillery-plugin-statsd/-/artillery-plugin-statsd-2.2.1.tgz",
      "integrity": "sha512-Zn6hxi11p1Rpazopm8bZkIqhIA5laTE3/amEhLsE933o8bgvrAJBblpsZ45vhmURztsglqC9yxSCQyW27yUZmQ==",
      "requires": {
        "debug": "^3.1.0",
        "lodash": "^4.17.11",
        "lynx": "^0.2.0"
      },
      "dependencies": {
        "debug": {
          "version": "3.2.7",
          "resolved": "https://registry.npmjs.org/debug/-/debug-3.2.7.tgz",
          "integrity": "sha512-CFjzYYAi4ThfiQvizrFQevTTXHtnCqWfe7x1AhgEscTz6ZbLbfoLRLPugTQyBth6f8ZERVUSyWHFD/7Wu4t1XQ==",
          "requires": {
            "ms": "^2.1.1"
          }
        }
      }
    },
    "lodash": {
      "version": "4.17.21",
      "resolved": "https://registry.npmjs.org/lodash/-/lodash-4.17.21.tgz",
      "integrity": "sha512-v2kDEe57lecTulaDIuNTPy3Ry4gLGJ6Z1O3vE1krgXZNrsQ+LFTGHVxVjcXPs17LhbZVGedAJv8XZ1tvj5FvSg=="
    },
    "lynx": {
      "version": "0.2.0",
      "resolved": "https://registry.npmjs.org/lynx/-/lynx-0.2.0.tgz",
      "integrity": "sha512-OxDuWSeLA4k52EzufVnYuROsJbzaenfGP7MBmLcgcl7WwlJkwJ/W/iBwiZNEnz8on5/VD6JNWBm5T2IOimQ6bw==",
      "requires": {
        "mersenne": "~0.0.3",
        "statsd-parser": "~0.0.4"
      }
    },
    "mersenne": {
      "version": "0.0.4",
      "resolved": "https://registry.npmjs.org/mersenne/-/mersenne-0.0.4.tgz",
      "integrity": "sha512-XoSUL+nF8hMTKGQxUs8r3Btdsf1yuKKBdCCGbh3YXgCXuVKishpZv1CNc385w9s8t4Ynwc5h61BwW/FCVulkbg=="
    },
    "ms": {
      "version": "2.1.2",
      "resolved": "https://registry.npmjs.org/ms/-/ms-2.1.2.tgz",
      "integrity": "sha512-sGkPx+VjMtmA6MX27oA4FBFELFCZZ4S4XqeGOXCv68tT+jb3vk/RyaKWP0PTKyWtmLSM0b+adUTEvbs1PEaH2w=="
    },
    "statsd-parser": {
      "version": "0.0.4",
      "resolved": "https://registry.npmjs.org/statsd-parser/-/statsd-parser-0.0.4.tgz",
      "integrity": "sha512-7XO+ur89EalMXXFQaydsczB8sclr5nDsNIoUu0IzJx1pIbHUhO3LtpSzBwetIuU9DyTLMiVaJBMtWS/Nb2KR4g=="
    }
  }
}
